<?xml version="1.0" encoding="utf-8"?>
<Project ToolsVersion="4.0" xmlns="http://schemas.microsoft.com/developer/msbuild/2003">
  <ItemGroup>
    <Filter Include="Source Files">
      <UniqueIdentifier>{4FC737F1-C7A5-4376-A066-2A32D752A2FF}</UniqueIdentifier>
      <Extensions>cpp;c;cc;cxx;def;odl;idl;hpj;bat;asm;asmx</Extensions>
    </Filter>
    <Filter Include="Header Files">
      <UniqueIdentifier>{93995380-89BD-4b04-88EB-625FBE52EBFB}</UniqueIdentifier>
      <Extensions>h;hpp;hxx;hm;inl;inc;xsd</Extensions>
    </Filter>
    <Filter Include="Resource Files">
      <UniqueIdentifier>{67DA6AB6-F800-4c08-8B7A-83BB121AAD01}</UniqueIdentifier>
      <Extensions>rc;ico;cur;bmp;dlg;rc2;rct;bin;rgs;gif;jpg;jpeg;jpe;resx;tiff;tif;png;wav;mfcribbon-ms</Extensions>
    </Filter>
    <Filter Include="Header Files\engine">
      <UniqueIdentifier>{753ff4a5-5ed7-42d8-996c-de51323e67b1}</UniqueIdentifier>
    </Filter>
    <Filter Include="Header Files\engine\include">
      <UniqueIdentifier>{7e66f6f1-3287-40ed-877c-57bedea246a9}</UniqueIdentifier>
    </Filter>
  </ItemGroup>
  <ItemGroup>
    <None Include="ReadMe.txt" />
    <None Include="dae2bin.def">
      <Filter>Source Files</Filter>
    </None>
    <None Include="res\dae2bin.rc2">
      <Filter>Resource Files</Filter>
    </None>
  </ItemGroup>
  <ItemGroup>
    <ClCompile Include="dae2bin.cpp">
      <Filter>Source Files</Filter>
    </ClCompile>
    <ClCompile Include="stdafx.cpp">
      <Filter>Source Files</Filter>
    </ClCompile>
    <ClCompile Include="pg_dae_xmlParsing.cpp">
      <Filter>Source Files</Filter>
    </ClCompile>
    <ClCompile Include="pg_dae_core_sub.cpp">
      <Filter>Source Files</Filter>
    </ClCompile>
    <ClCompile Include="pg_dae_parse.cpp">
      <Filter>Source Files</Filter>
    </ClCompile>
    <ClCompile Include="pg_dae_material.cpp">
      <Filter>Source Files</Filter>
    </ClCompile>
    <ClCompile Include="pg_dae_generic.cpp">
      <Filter>Source Files</Filter>
    </ClCompile>
    <ClCompile Include="pg_dae_image.cpp">
      <Filter>Source Files</Filter>
    </ClCompile>
    <ClCompile Include="pg_dae_optimize3D.cpp">
      <Filter>Source Files</Filter>
    </ClCompile>
    <ClCompile Include="pg_dae_library3D.cpp">
      <Filter>Source Files</Filter>
    </ClCompile>
  </ItemGroup>
  <ItemGroup>
    <ClInclude Include="dae2bin.h">
      <Filter>Header Files</Filter>
    </ClInclude>
    <ClInclude Include="stdafx.h">
      <Filter>Header Files</Filter>
    </ClInclude>
    <ClInclude Include="targetver.h">
      <Filter>Header Files</Filter>
    </ClInclude>
    <ClInclude Include="Resource.h">
      <Filter>Header Files</Filter>
    </ClInclude>
    <ClInclude Include="pg_dae_parse.h">
      <Filter>Header Files</Filter>
    </ClInclude>
    <ClInclude Include="pg_dae_core_sub.h">
      <Filter>Header Files</Filter>
    </ClInclude>
    <ClInclude Include="pg_dae_xmlParsing.h">
      <Filter>Header Files</Filter>
    </ClInclude>
    <ClInclude Include="pg_dae_material.h">
      <Filter>Header Files</Filter>
    </ClInclude>
    <ClInclude Include="pg_dae_generic.h">
      <Filter>Header Files</Filter>
    </ClInclude>
    <ClInclude Include="pg_dae_image.h">
      <Filter>Header Files</Filter>
    </ClInclude>
    <ClInclude Include="pg_dae_optimize3D.h">
      <Filter>Header Files</Filter>
    </ClInclude>
    <ClInclude Include="pg_dae_library3D.h">
      <Filter>Header Files</Filter>
    </ClInclude>
    <ClInclude Include="engine\include\engdef.h">
      <Filter>Header Files\engine\include</Filter>
    </ClInclude>
    <ClInclude Include="engine\include\engine.h">
      <Filter>Header Files\engine\include</Filter>
    </ClInclude>
  </ItemGroup>
  <ItemGroup>
    <ResourceCompile Include="dae2bin.rc">
      <Filter>Resource Files</Filter>
    </ResourceCompile>
  </ItemGroup>
</Project>